<?xml version="1.0" encoding="utf-8"?>
<Project ToolsVersion="4.0" xmlns="http://schemas.microsoft.com/developer/msbuild/2003">
  <ItemGroup>
    <Filter Include="Исходные файлы">
      <UniqueIdentifier>{4FC737F1-C7A5-4376-A066-2A32D752A2FF}</UniqueIdentifier>
      <Extensions>cpp;c;cc;cxx;c++;cppm;ixx;def;odl;idl;hpj;bat;asm;asmx</Extensions>
    </Filter>
    <Filter Include="Файлы заголовков">
      <UniqueIdentifier>{93995380-89BD-4b04-88EB-625FBE52EBFB}</UniqueIdentifier>
      <Extensions>h;hh;hpp;hxx;h++;hm;inl;inc;ipp;xsd</Extensions>
    </Filter>
    <Filter Include="Файлы ресурсов">
      <UniqueIdentifier>{67DA6AB6-F800-4c08-8B7A-83BB121AAD01}</UniqueIdentifier>
      <Extensions>rc;ico;cur;bmp;dlg;rc2;rct;bin;rgs;gif;jpg;jpeg;jpe;resx;tiff;tif;png;wav;mfcribbon-ms</Extensions>
    </Filter>
  </ItemGroup>
  <ItemGroup>
    <ClCompile Include="Chess_board.cpp">
      <Filter>Исходные файлы</Filter>
    </ClCompile>
    <ClCompile Include="DrawingField.cpp">
      <Filter>Исходные файлы</Filter>
    </ClCompile>
    <ClCompile Include="Black_Kon.cpp">
      <Filter>Исходные файлы</Filter>
    </ClCompile>
    <ClCompile Include="Black_Korol.cpp">
      <Filter>Исходные файлы</Filter>
    </ClCompile>
    <ClCompile Include="Black_Koroleva.cpp">
      <Filter>Исходные файлы</Filter>
    </ClCompile>
    <ClCompile Include="Black_Ladya.cpp">
      <Filter>Исходные файлы</Filter>
    </ClCompile>
    <ClCompile Include="Black_Peshka.cpp">
      <Filter>Исходные файлы</Filter>
    </ClCompile>
    <ClCompile Include="Slon.cpp">
      <Filter>Исходные файлы</Filter>
    </ClCompile>
    <ClCompile Include="Pole.cpp">
      <Filter>Исходные файлы</Filter>
    </ClCompile>
    <ClCompile Include="Peshka.cpp">
      <Filter>Исходные файлы</Filter>
    </ClCompile>
    <ClCompile Include="Ladya.cpp">
      <Filter>Исходные файлы</Filter>
    </ClCompile>
    <ClCompile Include="Koroleva.cpp">
      <Filter>Исходные файлы</Filter>
    </ClCompile>
    <ClCompile Include="Korol.cpp">
      <Filter>Исходные файлы</Filter>
    </ClCompile>
    <ClCompile Include="Kon.cpp">
      <Filter>Исходные файлы</Filter>
    </ClCompile>
    <ClCompile Include="Black_Slon.cpp">
      <Filter>Исходные файлы</Filter>
    </ClCompile>
  </ItemGroup>
  <ItemGroup>
    <ClInclude Include="Chess_board.h">
      <Filter>Файлы заголовков</Filter>
    </ClInclude>
    <ClInclude Include="Element.h">
      <Filter>Файлы заголовков</Filter>
    </ClInclude>
    <ClInclude Include="DrawingField.h">
      <Filter>Файлы заголовков</Filter>
    </ClInclude>
    <ClInclude Include="Black_Kon.h">
      <Filter>Файлы заголовков</Filter>
    </ClInclude>
    <ClInclude Include="Black_Korol.h">
      <Filter>Файлы заголовков</Filter>
    </ClInclude>
    <ClInclude Include="Black_Koroleva.h">
      <Filter>Файлы заголовков</Filter>
    </ClInclude>
    <ClInclude Include="Black_Ladya.h">
      <Filter>Файлы заголовков</Filter>
    </ClInclude>
    <ClInclude Include="Black_Peshka.h">
      <Filter>Файлы заголовков</Filter>
    </ClInclude>
    <ClInclude Include="Slon.h">
      <Filter>Файлы заголовков</Filter>
    </ClInclude>
    <ClInclude Include="Pole.h">
      <Filter>Файлы заголовков</Filter>
    </ClInclude>
    <ClInclude Include="Peshka.h">
      <Filter>Файлы заголовков</Filter>
    </ClInclude>
    <ClInclude Include="Koroleva.h">
      <Filter>Файлы заголовков</Filter>
    </ClInclude>
    <ClInclude Include="Korol.h">
      <Filter>Файлы заголовков</Filter>
    </ClInclude>
    <ClInclude Include="Kon.h">
      <Filter>Файлы заголовков</Filter>
    </ClInclude>
    <ClInclude Include="Ladya.h">
      <Filter>Файлы заголовков</Filter>
    </ClInclude>
    <ClInclude Include="Black_Slon.h">
      <Filter>Файлы заголовков</Filter>
    </ClInclude>
  </ItemGroup>
  <ItemGroup>
    <Image Include="Black_Kon.png">
      <Filter>Файлы ресурсов</Filter>
    </Image>
    <Image Include="Black_Korol.png">
      <Filter>Файлы ресурсов</Filter>
    </Image>
    <Image Include="Black_Koroleva.png">
      <Filter>Файлы ресурсов</Filter>
    </Image>
    <Image Include="Black_Ladya.png">
      <Filter>Файлы ресурсов</Filter>
    </Image>
    <Image Include="Black_Peshka.png">
      <Filter>Файлы ресурсов</Filter>
    </Image>
    <Image Include="Black_Slon.png">
      <Filter>Файлы ресурсов</Filter>
    </Image>
    <Image Include="Kon.png">
      <Filter>Файлы ресурсов</Filter>
    </Image>
    <Image Include="Korol.png">
      <Filter>Файлы ресурсов</Filter>
    </Image>
    <Image Include="Koroleva.png">
      <Filter>Файлы ресурсов</Filter>
    </Image>
    <Image Include="Ladya.png">
      <Filter>Файлы ресурсов</Filter>
    </Image>
    <Image Include="Peshka.png">
      <Filter>Файлы ресурсов</Filter>
    </Image>
    <Image Include="Pole.png">
      <Filter>Файлы ресурсов</Filter>
    </Image>
    <Image Include="Slon.png">
      <Filter>Файлы ресурсов</Filter>
    </Image>
  </ItemGroup>
</Project>